
Microsoft Visual Studio Solution File, Format Version 12.00
# Visual Studio Version 16
VisualStudioVersion = 16.0.30717.126
MinimumVisualStudioVersion = 10.0.40219.1
Project("{FAE04EC0-301F-11D3-BF4B-00C04F79EFBC}") = "上班不能用Line的可憐上班族＜聊天中心＞", "上班不能用Line的可憐上班族＜聊天中心＞\上班不能用Line的可憐上班族＜聊天中心＞.csproj", "{4AE8A33A-2491-4720-BF11-B711F5F3A6B1}"
EndProject
Global
	GlobalSection(SolutionConfigurationPlatforms) = preSolution
		Debug|Any CPU = Debug|Any CPU
		Release|Any CPU = Release|Any CPU
	EndGlobalSection
	GlobalSection(ProjectConfigurationPlatforms) = postSolution
		{4AE8A33A-2491-4720-BF11-B711F5F3A6B1}.Debug|Any CPU.ActiveCfg = Debug|Any CPU
		{4AE8A33A-2491-4720-BF11-B711F5F3A6B1}.Debug|Any CPU.Build.0 = Debug|Any CPU
		{4AE8A33A-2491-4720-BF11-B711F5F3A6B1}.Release|Any CPU.ActiveCfg = Release|Any CPU
		{4AE8A33A-2491-4720-BF11-B711F5F3A6B1}.Release|Any CPU.Build.0 = Release|Any CPU
	EndGlobalSection
	GlobalSection(SolutionProperties) = preSolution
		HideSolutionNode = FALSE
	EndGlobalSection
	GlobalSection(ExtensibilityGlobals) = postSolution
		SolutionGuid = {089B21B4-7877-406F-8900-1DAA7A27E81C}
	EndGlobalSection
EndGlobal
